
Microsoft Visual Studio Solution File, Format Version 12.00
# Visual Studio Version 17
VisualStudioVersion = 17.1.32319.34
MinimumVisualStudioVersion = 10.0.40219.1
Project("{FAE04EC0-301F-11D3-BF4B-00C04F79EFBC}") = "Space Invaders Try", "Space Invaders Try\Space Invaders Try.csproj", "{F9FC17E2-1069-4320-A032-F2F97E49CE47}"
EndProject
Global
	GlobalSection(SolutionConfigurationPlatforms) = preSolution
		Debug|Any CPU = Debug|Any CPU
		Release|Any CPU = Release|Any CPU
	EndGlobalSection
	GlobalSection(ProjectConfigurationPlatforms) = postSolution
		{F9FC17E2-1069-4320-A032-F2F97E49CE47}.Debug|Any CPU.ActiveCfg = Debug|Any CPU
		{F9FC17E2-1069-4320-A032-F2F97E49CE47}.Debug|Any CPU.Build.0 = Debug|Any CPU
		{F9FC17E2-1069-4320-A032-F2F97E49CE47}.Release|Any CPU.ActiveCfg = Release|Any CPU
		{F9FC17E2-1069-4320-A032-F2F97E49CE47}.Release|Any CPU.Build.0 = Release|Any CPU
	EndGlobalSection
	GlobalSection(SolutionProperties) = preSolution
		HideSolutionNode = FALSE
	EndGlobalSection
	GlobalSection(ExtensibilityGlobals) = postSolution
		SolutionGuid = {5F1B29B4-0B5D-493E-8DA3-BCD93B5C0AAF}
	EndGlobalSection
EndGlobal
